
Microsoft Visual Studio Solution File, Format Version 12.00
# Visual Studio Version 16
VisualStudioVersion = 16.0.31911.196
MinimumVisualStudioVersion = 10.0.40219.1
Project("{FAE04EC0-301F-11D3-BF4B-00C04F79EFBC}") = "rattrapage", "rattrapage\rattrapage.csproj", "{944C68F1-0F2F-4FCB-B8EF-948C1621D477}"
EndProject
Global
	GlobalSection(SolutionConfigurationPlatforms) = preSolution
		Debug|Any CPU = Debug|Any CPU
		Release|Any CPU = Release|Any CPU
	EndGlobalSection
	GlobalSection(ProjectConfigurationPlatforms) = postSolution
		{944C68F1-0F2F-4FCB-B8EF-948C1621D477}.Debug|Any CPU.ActiveCfg = Debug|Any CPU
		{944C68F1-0F2F-4FCB-B8EF-948C1621D477}.Debug|Any CPU.Build.0 = Debug|Any CPU
		{944C68F1-0F2F-4FCB-B8EF-948C1621D477}.Release|Any CPU.ActiveCfg = Release|Any CPU
		{944C68F1-0F2F-4FCB-B8EF-948C1621D477}.Release|Any CPU.Build.0 = Release|Any CPU
	EndGlobalSection
	GlobalSection(SolutionProperties) = preSolution
		HideSolutionNode = FALSE
	EndGlobalSection
	GlobalSection(ExtensibilityGlobals) = postSolution
		SolutionGuid = {476E5C98-2CF9-4672-AD2A-B45573B90D86}
	EndGlobalSection
EndGlobal
